
Microsoft Visual Studio Solution File, Format Version 12.00
# Visual Studio Version 17
VisualStudioVersion = 17.13.36105.23 d17.13
MinimumVisualStudioVersion = 10.0.40219.1
Project("{FAE04EC0-301F-11D3-BF4B-00C04F79EFBC}") = "Identity-JWT-Project", "Identity-JWT-Project.csproj", "{F06726FB-1E99-BF57-8050-ED7C81A96CB6}"
EndProject
Global
	GlobalSection(SolutionConfigurationPlatforms) = preSolution
		Debug|Any CPU = Debug|Any CPU
		Release|Any CPU = Release|Any CPU
	EndGlobalSection
	GlobalSection(ProjectConfigurationPlatforms) = postSolution
		{F06726FB-1E99-BF57-8050-ED7C81A96CB6}.Debug|Any CPU.ActiveCfg = Debug|Any CPU
		{F06726FB-1E99-BF57-8050-ED7C81A96CB6}.Debug|Any CPU.Build.0 = Debug|Any CPU
		{F06726FB-1E99-BF57-8050-ED7C81A96CB6}.Release|Any CPU.ActiveCfg = Release|Any CPU
		{F06726FB-1E99-BF57-8050-ED7C81A96CB6}.Release|Any CPU.Build.0 = Release|Any CPU
	EndGlobalSection
	GlobalSection(SolutionProperties) = preSolution
		HideSolutionNode = FALSE
	EndGlobalSection
	GlobalSection(ExtensibilityGlobals) = postSolution
		SolutionGuid = {CBA8A6FA-4219-4827-8247-65C3877CF903}
	EndGlobalSection
EndGlobal
